// !$*UTF8*$!
{
	archiveVersion = 1;
	classes = {
	};
	objectVersion = 51;
	objects = {

/* Begin PBXBuildFile section */
		3A2B4B9323D77E2B00CF9813 /* GoogleService-Info.plist in Resources */ = {isa = PBXBuildFile; fileRef = 3A2B4B9223D77E2B00CF9813 /* GoogleService-Info.plist */; };
		3A30566B23D51F0100DE07D1 /* AppDelegate.swift in Sources */ = {isa = PBXBuildFile; fileRef = 3A30566A23D51F0100DE07D1 /* AppDelegate.swift */; };
		3A30566D23D51F0100DE07D1 /* SceneDelegate.swift in Sources */ = {isa = PBXBuildFile; fileRef = 3A30566C23D51F0100DE07D1 /* SceneDelegate.swift */; };
		3A30567223D51F0100DE07D1 /* Main.storyboard in Resources */ = {isa = PBXBuildFile; fileRef = 3A30567023D51F0100DE07D1 /* Main.storyboard */; };
		3A30567423D51F0300DE07D1 /* Assets.xcassets in Resources */ = {isa = PBXBuildFile; fileRef = 3A30567323D51F0300DE07D1 /* Assets.xcassets */; };
		3A30567723D51F0300DE07D1 /* LaunchScreen.storyboard in Resources */ = {isa = PBXBuildFile; fileRef = 3A30567523D51F0300DE07D1 /* LaunchScreen.storyboard */; };
		3A30568123D521DB00DE07D1 /* WeatherViewController.swift in Sources */ = {isa = PBXBuildFile; fileRef = 3A30568023D521DB00DE07D1 /* WeatherViewController.swift */; };
		3A92C1DA4BE90566EBC691EC /* Pods_Weather2.framework in Frameworks */ = {isa = PBXBuildFile; fileRef = 604E753E67B43A058D60F7A8 /* Pods_Weather2.framework */; };
		3A9A08D423D671C100A7CDE8 /* DarkSkyService.swift in Sources */ = {isa = PBXBuildFile; fileRef = 3A9A08D323D671C100A7CDE8 /* DarkSkyService.swift */; };
		3A9A08D623D6737F00A7CDE8 /* WeatherData.swift in Sources */ = {isa = PBXBuildFile; fileRef = 3A9A08D523D6737F00A7CDE8 /* WeatherData.swift */; };
/* End PBXBuildFile section */

/* Begin PBXFileReference section */
		3A2B4B9223D77E2B00CF9813 /* GoogleService-Info.plist */ = {isa = PBXFileReference; fileEncoding = 4; lastKnownFileType = text.plist.xml; name = "GoogleService-Info.plist"; path = "../../../../Downloads/GoogleService-Info.plist"; sourceTree = "<group>"; };
		3A30566723D51F0100DE07D1 /* Weather2.app */ = {isa = PBXFileReference; explicitFileType = wrapper.application; includeInIndex = 0; path = Weather2.app; sourceTree = BUILT_PRODUCTS_DIR; };
		3A30566A23D51F0100DE07D1 /* AppDelegate.swift */ = {isa = PBXFileReference; lastKnownFileType = sourcecode.swift; path = AppDelegate.swift; sourceTree = "<group>"; };
		3A30566C23D51F0100DE07D1 /* SceneDelegate.swift */ = {isa = PBXFileReference; lastKnownFileType = sourcecode.swift; path = SceneDelegate.swift; sourceTree = "<group>"; };
		3A30567123D51F0100DE07D1 /* Base */ = {isa = PBXFileReference; lastKnownFileType = file.storyboard; name = Base; path = Base.lproj/Main.storyboard; sourceTree = "<group>"; };
		3A30567323D51F0300DE07D1 /* Assets.xcassets */ = {isa = PBXFileReference; lastKnownFileType = folder.assetcatalog; path = Assets.xcassets; sourceTree = "<group>"; };
		3A30567623D51F0300DE07D1 /* Base */ = {isa = PBXFileReference; lastKnownFileType = file.storyboard; name = Base; path = Base.lproj/LaunchScreen.storyboard; sourceTree = "<group>"; };
		3A30567823D51F0300DE07D1 /* Info.plist */ = {isa = PBXFileReference; lastKnownFileType = text.plist.xml; path = Info.plist; sourceTree = "<group>"; };
		3A30568023D521DB00DE07D1 /* WeatherViewController.swift */ = {isa = PBXFileReference; lastKnownFileType = sourcecode.swift; path = WeatherViewController.swift; sourceTree = "<group>"; };
		3A9A08D323D671C100A7CDE8 /* DarkSkyService.swift */ = {isa = PBXFileReference; lastKnownFileType = sourcecode.swift; path = DarkSkyService.swift; sourceTree = "<group>"; };
		3A9A08D523D6737F00A7CDE8 /* WeatherData.swift */ = {isa = PBXFileReference; lastKnownFileType = sourcecode.swift; path = WeatherData.swift; sourceTree = "<group>"; };
		45C957A2B9BFECEB3F2EABE3 /* Pods-Weather2.debug.xcconfig */ = {isa = PBXFileReference; includeInIndex = 1; lastKnownFileType = text.xcconfig; name = "Pods-Weather2.debug.xcconfig"; path = "Target Support Files/Pods-Weather2/Pods-Weather2.debug.xcconfig"; sourceTree = "<group>"; };
		604E753E67B43A058D60F7A8 /* Pods_Weather2.framework */ = {isa = PBXFileReference; explicitFileType = wrapper.framework; includeInIndex = 0; path = Pods_Weather2.framework; sourceTree = BUILT_PRODUCTS_DIR; };
		B158C8D242D3942C0E2A87C5 /* Pods-Weather2.release.xcconfig */ = {isa = PBXFileReference; includeInIndex = 1; lastKnownFileType = text.xcconfig; name = "Pods-Weather2.release.xcconfig"; path = "Target Support Files/Pods-Weather2/Pods-Weather2.release.xcconfig"; sourceTree = "<group>"; };
/* End PBXFileReference section */

/* Begin PBXFrameworksBuildPhase section */
		3A30566423D51F0100DE07D1 /* Frameworks */ = {
			isa = PBXFrameworksBuildPhase;
			buildActionMask = 2147483647;
			files = (
				3A92C1DA4BE90566EBC691EC /* Pods_Weather2.framework in Frameworks */,
			);
			runOnlyForDeploymentPostprocessing = 0;
		};
/* End PBXFrameworksBuildPhase section */

/* Begin PBXGroup section */
		3A30565E23D51F0100DE07D1 = {
			isa = PBXGroup;
			children = (
				3A30566923D51F0100DE07D1 /* Weather2 */,
				3A30566823D51F0100DE07D1 /* Products */,
				767041D34F56DBB0899353A9 /* Pods */,
				BC6A625249F6FE6D09701453 /* Frameworks */,
			);
			sourceTree = "<group>";
		};
		3A30566823D51F0100DE07D1 /* Products */ = {
			isa = PBXGroup;
			children = (
				3A30566723D51F0100DE07D1 /* Weather2.app */,
			);
			name = Products;
			sourceTree = "<group>";
		};
		3A30566923D51F0100DE07D1 /* Weather2 */ = {
			isa = PBXGroup;
			children = (
				3A30566A23D51F0100DE07D1 /* AppDelegate.swift */,
				3A30566C23D51F0100DE07D1 /* SceneDelegate.swift */,
				3A30567023D51F0100DE07D1 /* Main.storyboard */,
				3A30567323D51F0300DE07D1 /* Assets.xcassets */,
				3A30567523D51F0300DE07D1 /* LaunchScreen.storyboard */,
				3A30567823D51F0300DE07D1 /* Info.plist */,
				3A2B4B9223D77E2B00CF9813 /* GoogleService-Info.plist */,
				3A30568023D521DB00DE07D1 /* WeatherViewController.swift */,
				3A9A08D323D671C100A7CDE8 /* DarkSkyService.swift */,
				3A9A08D523D6737F00A7CDE8 /* WeatherData.swift */,
			);
			path = Weather2;
			sourceTree = "<group>";
		};
		767041D34F56DBB0899353A9 /* Pods */ = {
			isa = PBXGroup;
			children = (
				45C957A2B9BFECEB3F2EABE3 /* Pods-Weather2.debug.xcconfig */,
				B158C8D242D3942C0E2A87C5 /* Pods-Weather2.release.xcconfig */,
			);
			path = Pods;
			sourceTree = "<group>";
		};
		BC6A625249F6FE6D09701453 /* Frameworks */ = {
			isa = PBXGroup;
			children = (
				604E753E67B43A058D60F7A8 /* Pods_Weather2.framework */,
			);
			name = Frameworks;
			sourceTree = "<group>";
		};
/* End PBXGroup section */

/* Begin PBXNativeTarget section */
		3A30566623D51F0100DE07D1 /* Weather2 */ = {
			isa = PBXNativeTarget;
			buildConfigurationList = 3A30567B23D51F0300DE07D1 /* Build configuration list for PBXNativeTarget "Weather2" */;
			buildPhases = (
				EA6713D0DE3487A93EF29FD7 /* [CP] Check Pods Manifest.lock */,
				3A30566323D51F0100DE07D1 /* Sources */,
				3A30566423D51F0100DE07D1 /* Frameworks */,
				3A30566523D51F0100DE07D1 /* Resources */,
				4B8EFD9DAA6EC8EFF32347A4 /* [CP] Embed Pods Frameworks */,
			);
			buildRules = (
			);
			dependencies = (
			);
			name = Weather2;
			productName = Weather2;
			productReference = 3A30566723D51F0100DE07D1 /* Weather2.app */;
			productType = "com.apple.product-type.application";
		};
/* End PBXNativeTarget section */

/* Begin PBXProject section */
		3A30565F23D51F0100DE07D1 /* Project object */ = {
			isa = PBXProject;
			attributes = {
				LastSwiftUpdateCheck = 1120;
				LastUpgradeCheck = 1120;
				ORGANIZATIONNAME = "Shyam K Patel";
				TargetAttributes = {
					3A30566623D51F0100DE07D1 = {
						CreatedOnToolsVersion = 11.2;
					};
				};
			};
			buildConfigurationList = 3A30566223D51F0100DE07D1 /* Build configuration list for PBXProject "Weather2" */;
			compatibilityVersion = "Xcode 9.3";
			developmentRegion = en;
			hasScannedForEncodings = 0;
			knownRegions = (
				en,
				Base,
			);
			mainGroup = 3A30565E23D51F0100DE07D1;
			productRefGroup = 3A30566823D51F0100DE07D1 /* Products */;
			projectDirPath = "";
			projectRoot = "";
			targets = (
				3A30566623D51F0100DE07D1 /* Weather2 */,
			);
		};
/* End PBXProject section */

/* Begin PBXResourcesBuildPhase section */
		3A30566523D51F0100DE07D1 /* Resources */ = {
			isa = PBXResourcesBuildPhase;
			buildActionMask = 2147483647;
			files = (
				3A30567723D51F0300DE07D1 /* LaunchScreen.storyboard in Resources */,
				3A2B4B9323D77E2B00CF9813 /* GoogleService-Info.plist in Resources */,
				3A30567423D51F0300DE07D1 /* Assets.xcassets in Resources */,
				3A30567223D51F0100DE07D1 /* Main.storyboard in Resources */,
			);
			runOnlyForDeploymentPostprocessing = 0;
		};
/* End PBXResourcesBuildPhase section */

/* Begin PBXShellScriptBuildPhase section */
		4B8EFD9DAA6EC8EFF32347A4 /* [CP] Embed Pods Frameworks */ = {
			isa = PBXShellScriptBuildPhase;
			buildActionMask = 2147483647;
			files = (
			);
			inputFileListPaths = (
				"${PODS_ROOT}/Target Support Files/Pods-Weather2/Pods-Weather2-frameworks-${CONFIGURATION}-input-files.xcfilelist",
			);
			name = "[CP] Embed Pods Frameworks";
			outputFileListPaths = (
				"${PODS_ROOT}/Target Support Files/Pods-Weather2/Pods-Weather2-frameworks-${CONFIGURATION}-output-files.xcfilelist",
			);
			runOnlyForDeploymentPostprocessing = 0;
			shellPath = /bin/sh;
			shellScript = "\"${PODS_ROOT}/Target Support Files/Pods-Weather2/Pods-Weather2-frameworks.sh\"\n";
			showEnvVarsInLog = 0;
		};
		EA6713D0DE3487A93EF29FD7 /* [CP] Check Pods Manifest.lock */ = {
			isa = PBXShellScriptBuildPhase;
			buildActionMask = 2147483647;
			files = (
			);
			inputFileListPaths = (
			);
			inputPaths = (
				"${PODS_PODFILE_DIR_PATH}/Podfile.lock",
				"${PODS_ROOT}/Manifest.lock",
			);
			name = "[CP] Check Pods Manifest.lock";
			outputFileListPaths = (
			);
			outputPaths = (
				"$(DERIVED_FILE_DIR)/Pods-Weather2-checkManifestLockResult.txt",
			);
			runOnlyForDeploymentPostprocessing = 0;
			shellPath = /bin/sh;
			shellScript = "diff \"${PODS_PODFILE_DIR_PATH}/Podfile.lock\" \"${PODS_ROOT}/Manifest.lock\" > /dev/null\nif [ $? != 0 ] ; then\n    # print error to STDERR\n    echo \"error: The sandbox is not in sync with the Podfile.lock. Run 'pod install' or update your CocoaPods installation.\" >&2\n    exit 1\nfi\n# This output is used by Xcode 'outputs' to avoid re-running this script phase.\necho \"SUCCESS\" > \"${SCRIPT_OUTPUT_FILE_0}\"\n";
			showEnvVarsInLog = 0;
		};
/* End PBXShellScriptBuildPhase section */

/* Begin PBXSourcesBuildPhase section */
		3A30566323D51F0100DE07D1 /* Sources */ = {
			isa = PBXSourcesBuildPhase;
			buildActionMask = 2147483647;
			files = (
				3A30566B23D51F0100DE07D1 /* AppDelegate.swift in Sources */,
				3A9A08D623D6737F00A7CDE8 /* WeatherData.swift in Sources */,
				3A9A08D423D671C100A7CDE8 /* DarkSkyService.swift in Sources */,
				3A30568123D521DB00DE07D1 /* WeatherViewController.swift in Sources */,
				3A30566D23D51F0100DE07D1 /* SceneDelegate.swift in Sources */,
			);
			runOnlyForDeploymentPostprocessing = 0;
		};
/* End PBXSourcesBuildPhase section */

/* Begin PBXVariantGroup section */
		3A30567023D51F0100DE07D1 /* Main.storyboard */ = {
			isa = PBXVariantGroup;
			children = (
				3A30567123D51F0100DE07D1 /* Base */,
			);
			name = Main.storyboard;
			sourceTree = "<group>";
		};
		3A30567523D51F0300DE07D1 /* LaunchScreen.storyboard */ = {
			isa = PBXVariantGroup;
			children = (
				3A30567623D51F0300DE07D1 /* Base */,
			);
			name = LaunchScreen.storyboard;
			sourceTree = "<group>";
		};
/* End PBXVariantGroup section */

/* Begin XCBuildConfiguration section */
		3A30567923D51F0300DE07D1 /* Debug */ = {
			isa = XCBuildConfiguration;
			buildSettings = {
				ALWAYS_SEARCH_USER_PATHS = NO;
				CLANG_ANALYZER_NONNULL = YES;
				CLANG_ANALYZER_NUMBER_OBJECT_CONVERSION = YES_AGGRESSIVE;
				CLANG_CXX_LANGUAGE_STANDARD = "gnu++14";
				CLANG_CXX_LIBRARY = "libc++";
				CLANG_ENABLE_MODULES = YES;
				CLANG_ENABLE_OBJC_ARC = YES;
				CLANG_ENABLE_OBJC_WEAK = YES;
				CLANG_WARN_BLOCK_CAPTURE_AUTORELEASING = YES;
				CLANG_WARN_BOOL_CONVERSION = YES;
				CLANG_WARN_COMMA = YES;
				CLANG_WARN_CONSTANT_CONVERSION = YES;
				CLANG_WARN_DEPRECATED_OBJC_IMPLEMENTATIONS = YES;
				CLANG_WARN_DIRECT_OBJC_ISA_USAGE = YES_ERROR;
				CLANG_WARN_DOCUMENTATION_COMMENTS = YES;
				CLANG_WARN_EMPTY_BODY = YES;
				CLANG_WARN_ENUM_CONVERSION = YES;
				CLANG_WARN_INFINITE_RECURSION = YES;
				CLANG_WARN_INT_CONVERSION = YES;
				CLANG_WARN_NON_LITERAL_NULL_CONVERSION = YES;
				CLANG_WARN_OBJC_IMPLICIT_RETAIN_SELF = YES;
				CLANG_WARN_OBJC_LITERAL_CONVERSION = YES;
				CLANG_WARN_OBJC_ROOT_CLASS = YES_ERROR;
				CLANG_WARN_RANGE_LOOP_ANALYSIS = YES;
				CLANG_WARN_STRICT_PROTOTYPES = YES;
				CLANG_WARN_SUSPICIOUS_MOVE = YES;
				CLANG_WARN_UNGUARDED_AVAILABILITY = YES_AGGRESSIVE;
				CLANG_WARN_UNREACHABLE_CODE = YES;
				CLANG_WARN__DUPLICATE_METHOD_MATCH = YES;
				COPY_PHASE_STRIP = NO;
				DEBUG_INFORMATION_FORMAT = dwarf;
				ENABLE_STRICT_OBJC_MSGSEND = YES;
				ENABLE_TESTABILITY = YES;
				GCC_C_LANGUAGE_STANDARD = gnu11;
				GCC_DYNAMIC_NO_PIC = NO;
				GCC_NO_COMMON_BLOCKS = YES;
				GCC_OPTIMIZATION_LEVEL = 0;
				GCC_PREPROCESSOR_DEFINITIONS = (
					"DEBUG=1",
					"$(inherited)",
				);
				GCC_WARN_64_TO_32_BIT_CONVERSION = YES;
				GCC_WARN_ABOUT_RETURN_TYPE = YES_ERROR;
				GCC_WARN_UNDECLARED_SELECTOR = YES;
				GCC_WARN_UNINITIALIZED_AUTOS = YES_AGGRESSIVE;
				GCC_WARN_UNUSED_FUNCTION = YES;
				GCC_WARN_UNUSED_VARIABLE = YES;
				IPHONEOS_DEPLOYMENT_TARGET = 13.2;
				MTL_ENABLE_DEBUG_INFO = INCLUDE_SOURCE;
				MTL_FAST_MATH = YES;
				ONLY_ACTIVE_ARCH = YES;
				SDKROOT = iphoneos;
				SWIFT_ACTIVE_COMPILATION_CONDITIONS = DEBUG;
				SWIFT_OPTIMIZATION_LEVEL = "-Onone";
			};
			name = Debug;
		};
		3A30567A23D51F0300DE07D1 /* Release */ = {
			isa = XCBuildConfiguration;
			buildSettings = {
				ALWAYS_SEARCH_USER_PATHS = NO;
				CLANG_ANALYZER_NONNULL = YES;
				CLANG_ANALYZER_NUMBER_OBJECT_CONVERSION = YES_AGGRESSIVE;
				CLANG_CXX_LANGUAGE_STANDARD = "gnu++14";
				CLANG_CXX_LIBRARY = "libc++";
				CLANG_ENABLE_MODULES = YES;
				CLANG_ENABLE_OBJC_ARC = YES;
				CLANG_ENABLE_OBJC_WEAK = YES;
				CLANG_WARN_BLOCK_CAPTURE_AUTORELEASING = YES;
				CLANG_WARN_BOOL_CONVERSION = YES;
				CLANG_WARN_COMMA = YES;
				CLANG_WARN_CONSTANT_CONVERSION = YES;
				CLANG_WARN_DEPRECATED_OBJC_IMPLEMENTATIONS = YES;
				CLANG_WARN_DIRECT_OBJC_ISA_USAGE = YES_ERROR;
				CLANG_WARN_DOCUMENTATION_COMMENTS = YES;
				CLANG_WARN_EMPTY_BODY = YES;
				CLANG_WARN_ENUM_CONVERSION = YES;
				CLANG_WARN_INFINITE_RECURSION = YES;
				CLANG_WARN_INT_CONVERSION = YES;
				CLANG_WARN_NON_LITERAL_NULL_CONVERSION = YES;
				CLANG_WARN_OBJC_IMPLICIT_RETAIN_SELF = YES;
				CLANG_WARN_OBJC_LITERAL_CONVERSION = YES;
				CLANG_WARN_OBJC_ROOT_CLASS = YES_ERROR;
				CLANG_WARN_RANGE_LOOP_ANALYSIS = YES;
				CLANG_WARN_STRICT_PROTOTYPES = YES;
				CLANG_WARN_SUSPICIOUS_MOVE = YES;
				CLANG_WARN_UNGUARDED_AVAILABILITY = YES_AGGRESSIVE;
				CLANG_WARN_UNREACHABLE_CODE = YES;
				CLANG_WARN__DUPLICATE_METHOD_MATCH = YES;
				COPY_PHASE_STRIP = NO;
				DEBUG_INFORMATION_FORMAT = "dwarf-with-dsym";
				ENABLE_NS_ASSERTIONS = NO;
				ENABLE_STRICT_OBJC_MSGSEND = YES;
				GCC_C_LANGUAGE_STANDARD = gnu11;
				GCC_NO_COMMON_BLOCKS = YES;
				GCC_WARN_64_TO_32_BIT_CONVERSION = YES;
				GCC_WARN_ABOUT_RETURN_TYPE = YES_ERROR;
				GCC_WARN_UNDECLARED_SELECTOR = YES;
				GCC_WARN_UNINITIALIZED_AUTOS = YES_AGGRESSIVE;
				GCC_WARN_UNUSED_FUNCTION = YES;
				GCC_WARN_UNUSED_VARIABLE = YES;
				IPHONEOS_DEPLOYMENT_TARGET = 13.2;
				MTL_ENABLE_DEBUG_INFO = NO;
				MTL_FAST_MATH = YES;
				SDKROOT = iphoneos;
				SWIFT_COMPILATION_MODE = wholemodule;
				SWIFT_OPTIMIZATION_LEVEL = "-O";
				VALIDATE_PRODUCT = YES;
			};
			name = Release;
		};
		3A30567C23D51F0300DE07D1 /* Debug */ = {
			isa = XCBuildConfiguration;
			baseConfigurationReference = 45C957A2B9BFECEB3F2EABE3 /* Pods-Weather2.debug.xcconfig */;
			buildSettings = {
				ASSETCATALOG_COMPILER_APPICON_NAME = AppIcon;
				CODE_SIGN_STYLE = Automatic;
				INFOPLIST_FILE = Weather2/Info.plist;
				LD_RUNPATH_SEARCH_PATHS = (
					"$(inherited)",
					"@executable_path/Frameworks",
				);
				PRODUCT_BUNDLE_IDENTIFIER = sp.Weather2;
				PRODUCT_NAME = "$(TARGET_NAME)";
				SWIFT_VERSION = 5.0;
				TARGETED_DEVICE_FAMILY = "1,2";
			};
			name = Debug;
		};
		3A30567D23D51F0300DE07D1 /* Release */ = {
			isa = XCBuildConfiguration;
			baseConfigurationReference = B158C8D242D3942C0E2A87C5 /* Pods-Weather2.release.xcconfig */;
			buildSettings = {
				ASSETCATALOG_COMPILER_APPICON_NAME = AppIcon;
				CODE_SIGN_STYLE = Automatic;
				INFOPLIST_FILE = Weather2/Info.plist;
				LD_RUNPATH_SEARCH_PATHS = (
					"$(inherited)",
					"@executable_path/Frameworks",
				);
				PRODUCT_BUNDLE_IDENTIFIER = sp.Weather2;
				PRODUCT_NAME = "$(TARGET_NAME)";
				SWIFT_VERSION = 5.0;
				TARGETED_DEVICE_FAMILY = "1,2";
			};
			name = Release;
		};
/* End XCBuildConfiguration section */

/* Begin XCConfigurationList section */
		3A30566223D51F0100DE07D1 /* Build configuration list for PBXProject "Weather2" */ = {
			isa = XCConfigurationList;
			buildConfigurations = (
				3A30567923D51F0300DE07D1 /* Debug */,
				3A30567A23D51F0300DE07D1 /* Release */,
			);
			defaultConfigurationIsVisible = 0;
			defaultConfigurationName = Release;
		};
		3A30567B23D51F0300DE07D1 /* Build configuration list for PBXNativeTarget "Weather2" */ = {
			isa = XCConfigurationList;
			buildConfigurations = (
				3A30567C23D51F0300DE07D1 /* Debug */,
				3A30567D23D51F0300DE07D1 /* Release */,
			);
			defaultConfigurationIsVisible = 0;
			defaultConfigurationName = Release;
		};
/* End XCConfigurationList section */
	};
	rootObject = 3A30565F23D51F0100DE07D1 /* Project object */;
}
